Microsoft Visual Studio Solution File, Format Version 12.00
# Visual Studio 2013
Project("{8BC9CEB8-8B4A-11D0-8D11-00A0C91BC942}") = "ALL_BUILD", "ALL_BUILD.vcxproj", "{CE802101-77AB-377A-820F-1C8E8522C178}"
	ProjectSection(ProjectDependencies) = postProject
		{C16A10C5-1574-3107-96AF-3674636A159C} = {C16A10C5-1574-3107-96AF-3674636A159C}
		{514E0D5B-10AC-349D-BA65-053DA76689DC} = {514E0D5B-10AC-349D-BA65-053DA76689DC}
	EndProjectSection
EndProject
Project("{8BC9CEB8-8B4A-11D0-8D11-00A0C91BC942}") = "Problem_2", "Problem_2.vcxproj", "{C16A10C5-1574-3107-96AF-3674636A159C}"
	ProjectSection(ProjectDependencies) = postProject
		{514E0D5B-10AC-349D-BA65-053DA76689DC} = {514E0D5B-10AC-349D-BA65-053DA76689DC}
	EndProjectSection
EndProject
Project("{8BC9CEB8-8B4A-11D0-8D11-00A0C91BC942}") = "ZERO_CHECK", "ZERO_CHECK.vcxproj", "{514E0D5B-10AC-349D-BA65-053DA76689DC}"
	ProjectSection(ProjectDependencies) = postProject
	EndProjectSection
EndProject
Global
	GlobalSection(SolutionConfigurationPlatforms) = preSolution
		Debug|x64 = Debug|x64
		Release|x64 = Release|x64
		MinSizeRel|x64 = MinSizeRel|x64
		RelWithDebInfo|x64 = RelWithDebInfo|x64
	EndGlobalSection
	GlobalSection(ProjectConfigurationPlatforms) = postSolution
		{CE802101-77AB-377A-820F-1C8E8522C178}.Debug|x64.ActiveCfg = Debug|x64
		{CE802101-77AB-377A-820F-1C8E8522C178}.Release|x64.ActiveCfg = Release|x64
		{CE802101-77AB-377A-820F-1C8E8522C178}.MinSizeRel|x64.ActiveCfg = MinSizeRel|x64
		{CE802101-77AB-377A-820F-1C8E8522C178}.RelWithDebInfo|x64.ActiveCfg = RelWithDebInfo|x64
		{C16A10C5-1574-3107-96AF-3674636A159C}.Debug|x64.ActiveCfg = Debug|x64
		{C16A10C5-1574-3107-96AF-3674636A159C}.Debug|x64.Build.0 = Debug|x64
		{C16A10C5-1574-3107-96AF-3674636A159C}.Release|x64.ActiveCfg = Release|x64
		{C16A10C5-1574-3107-96AF-3674636A159C}.Release|x64.Build.0 = Release|x64
		{C16A10C5-1574-3107-96AF-3674636A159C}.MinSizeRel|x64.ActiveCfg = MinSizeRel|x64
		{C16A10C5-1574-3107-96AF-3674636A159C}.MinSizeRel|x64.Build.0 = MinSizeRel|x64
		{C16A10C5-1574-3107-96AF-3674636A159C}.RelWithDebInfo|x64.ActiveCfg = RelWithDebInfo|x64
		{C16A10C5-1574-3107-96AF-3674636A159C}.RelWithDebInfo|x64.Build.0 = RelWithDebInfo|x64
		{514E0D5B-10AC-349D-BA65-053DA76689DC}.Debug|x64.ActiveCfg = Debug|x64
		{514E0D5B-10AC-349D-BA65-053DA76689DC}.Debug|x64.Build.0 = Debug|x64
		{514E0D5B-10AC-349D-BA65-053DA76689DC}.Release|x64.ActiveCfg = Release|x64
		{514E0D5B-10AC-349D-BA65-053DA76689DC}.Release|x64.Build.0 = Release|x64
		{514E0D5B-10AC-349D-BA65-053DA76689DC}.MinSizeRel|x64.ActiveCfg = MinSizeRel|x64
		{514E0D5B-10AC-349D-BA65-053DA76689DC}.MinSizeRel|x64.Build.0 = MinSizeRel|x64
		{514E0D5B-10AC-349D-BA65-053DA76689DC}.RelWithDebInfo|x64.ActiveCfg = RelWithDebInfo|x64
		{514E0D5B-10AC-349D-BA65-053DA76689DC}.RelWithDebInfo|x64.Build.0 = RelWithDebInfo|x64
	EndGlobalSection
	GlobalSection(ExtensibilityGlobals) = postSolution
	EndGlobalSection
	GlobalSection(ExtensibilityAddIns) = postSolution
	EndGlobalSection
EndGlobal
