Microsoft Visual Studio Solution File, Format Version 12.00
# Visual Studio 2013
Project("{8BC9CEB8-8B4A-11D0-8D11-00A0C91BC942}") = "ALL_BUILD", "ALL_BUILD.vcxproj", "{C7BC0AFD-C5AA-3818-BACF-6F331FA3A5C2}"
	ProjectSection(ProjectDependencies) = postProject
		{DE3FA0CF-BD05-39B6-B12C-94EFE30AD3FB} = {DE3FA0CF-BD05-39B6-B12C-94EFE30AD3FB}
		{8CAAE931-88BA-3C44-AABF-C9B85C965407} = {8CAAE931-88BA-3C44-AABF-C9B85C965407}
	EndProjectSection
EndProject
Project("{8BC9CEB8-8B4A-11D0-8D11-00A0C91BC942}") = "Problem_1", "Problem_1.vcxproj", "{DE3FA0CF-BD05-39B6-B12C-94EFE30AD3FB}"
	ProjectSection(ProjectDependencies) = postProject
		{8CAAE931-88BA-3C44-AABF-C9B85C965407} = {8CAAE931-88BA-3C44-AABF-C9B85C965407}
	EndProjectSection
EndProject
Project("{8BC9CEB8-8B4A-11D0-8D11-00A0C91BC942}") = "ZERO_CHECK", "ZERO_CHECK.vcxproj", "{8CAAE931-88BA-3C44-AABF-C9B85C965407}"
	ProjectSection(ProjectDependencies) = postProject
	EndProjectSection
EndProject
Global
	GlobalSection(SolutionConfigurationPlatforms) = preSolution
		Debug|x64 = Debug|x64
		Release|x64 = Release|x64
		MinSizeRel|x64 = MinSizeRel|x64
		RelWithDebInfo|x64 = RelWithDebInfo|x64
	EndGlobalSection
	GlobalSection(ProjectConfigurationPlatforms) = postSolution
		{C7BC0AFD-C5AA-3818-BACF-6F331FA3A5C2}.Debug|x64.ActiveCfg = Debug|x64
		{C7BC0AFD-C5AA-3818-BACF-6F331FA3A5C2}.Release|x64.ActiveCfg = Release|x64
		{C7BC0AFD-C5AA-3818-BACF-6F331FA3A5C2}.MinSizeRel|x64.ActiveCfg = MinSizeRel|x64
		{C7BC0AFD-C5AA-3818-BACF-6F331FA3A5C2}.RelWithDebInfo|x64.ActiveCfg = RelWithDebInfo|x64
		{DE3FA0CF-BD05-39B6-B12C-94EFE30AD3FB}.Debug|x64.ActiveCfg = Debug|x64
		{DE3FA0CF-BD05-39B6-B12C-94EFE30AD3FB}.Debug|x64.Build.0 = Debug|x64
		{DE3FA0CF-BD05-39B6-B12C-94EFE30AD3FB}.Release|x64.ActiveCfg = Release|x64
		{DE3FA0CF-BD05-39B6-B12C-94EFE30AD3FB}.Release|x64.Build.0 = Release|x64
		{DE3FA0CF-BD05-39B6-B12C-94EFE30AD3FB}.MinSizeRel|x64.ActiveCfg = MinSizeRel|x64
		{DE3FA0CF-BD05-39B6-B12C-94EFE30AD3FB}.MinSizeRel|x64.Build.0 = MinSizeRel|x64
		{DE3FA0CF-BD05-39B6-B12C-94EFE30AD3FB}.RelWithDebInfo|x64.ActiveCfg = RelWithDebInfo|x64
		{DE3FA0CF-BD05-39B6-B12C-94EFE30AD3FB}.RelWithDebInfo|x64.Build.0 = RelWithDebInfo|x64
		{8CAAE931-88BA-3C44-AABF-C9B85C965407}.Debug|x64.ActiveCfg = Debug|x64
		{8CAAE931-88BA-3C44-AABF-C9B85C965407}.Debug|x64.Build.0 = Debug|x64
		{8CAAE931-88BA-3C44-AABF-C9B85C965407}.Release|x64.ActiveCfg = Release|x64
		{8CAAE931-88BA-3C44-AABF-C9B85C965407}.Release|x64.Build.0 = Release|x64
		{8CAAE931-88BA-3C44-AABF-C9B85C965407}.MinSizeRel|x64.ActiveCfg = MinSizeRel|x64
		{8CAAE931-88BA-3C44-AABF-C9B85C965407}.MinSizeRel|x64.Build.0 = MinSizeRel|x64
		{8CAAE931-88BA-3C44-AABF-C9B85C965407}.RelWithDebInfo|x64.ActiveCfg = RelWithDebInfo|x64
		{8CAAE931-88BA-3C44-AABF-C9B85C965407}.RelWithDebInfo|x64.Build.0 = RelWithDebInfo|x64
	EndGlobalSection
	GlobalSection(ExtensibilityGlobals) = postSolution
	EndGlobalSection
	GlobalSection(ExtensibilityAddIns) = postSolution
	EndGlobalSection
EndGlobal
