<?xml version="1.0" encoding="utf-8"?>
<Project ToolsVersion="4.0" xmlns="http://schemas.microsoft.com/developer/msbuild/2003">
  <ItemGroup>
    <Filter Include="Source Files">
      <UniqueIdentifier>{4FC737F1-C7A5-4376-A066-2A32D752A2FF}</UniqueIdentifier>
      <Extensions>cpp;c;cc;cxx;def;odl;idl;hpj;bat;asm;asmx</Extensions>
    </Filter>
    <Filter Include="Header Files">
      <UniqueIdentifier>{93995380-89BD-4b04-88EB-625FBE52EBFB}</UniqueIdentifier>
      <Extensions>h;hpp;hxx;hm;inl;inc;xsd</Extensions>
    </Filter>
    <Filter Include="CG Files">
      <UniqueIdentifier>{c286c6a1-bfb8-495c-813d-948856c31f4b}</UniqueIdentifier>
    </Filter>
    <Filter Include="CUDA Files">
      <UniqueIdentifier>{ae2e8d40-de63-4fe8-8be5-0a1dad90e7b5}</UniqueIdentifier>
    </Filter>
  </ItemGroup>
  <ItemGroup>
    <ClCompile Include="ACISUnlock.cpp">
      <Filter>Source Files</Filter>
    </ClCompile>
    <ClCompile Include="CUDAUtilities.cpp">
      <Filter>Source Files</Filter>
    </ClCompile>
    <ClCompile Include="GeometricMoments.cpp">
      <Filter>Source Files</Filter>
    </ClCompile>
    <ClCompile Include="GeometricOperations.cpp">
      <Filter>Source Files</Filter>
    </ClCompile>
    <ClCompile Include="GLParameters.cpp">
      <Filter>Source Files</Filter>
    </ClCompile>
    <ClCompile Include="GPUUtilities.cpp">
      <Filter>Source Files</Filter>
    </ClCompile>
    <ClCompile Include="GPView.cpp">
      <Filter>Source Files</Filter>
    </ClCompile>
    <ClCompile Include="Hausdorff.cpp">
      <Filter>Source Files</Filter>
    </ClCompile>
    <ClCompile Include="HausdorffCUDA.cpp">
      <Filter>Source Files</Filter>
    </ClCompile>
    <ClCompile Include="HausdorffCUDAIddo.cpp">
      <Filter>Source Files</Filter>
    </ClCompile>
    <ClCompile Include="HausdorffIddo.cpp">
      <Filter>Source Files</Filter>
    </ClCompile>
    <ClCompile Include="InitNURBS.cpp">
      <Filter>Source Files</Filter>
    </ClCompile>
    <ClCompile Include="Mesh.cpp">
      <Filter>Source Files</Filter>
    </ClCompile>
    <ClCompile Include="NURBS.cpp">
      <Filter>Source Files</Filter>
    </ClCompile>
    <ClCompile Include="NURBSGeomUtils.cpp">
      <Filter>Source Files</Filter>
    </ClCompile>
    <ClCompile Include="OBBIntersection.cpp">
      <Filter>Source Files</Filter>
    </ClCompile>
    <ClCompile Include="Object.cpp">
      <Filter>Source Files</Filter>
    </ClCompile>
    <ClCompile Include="Timer.cpp">
      <Filter>Source Files</Filter>
    </ClCompile>
    <ClCompile Include="TriBoxIntersection.cpp">
      <Filter>Source Files</Filter>
    </ClCompile>
    <ClCompile Include="TriTriIntersection.cpp">
      <Filter>Source Files</Filter>
    </ClCompile>
    <ClCompile Include="Utilities.cpp">
      <Filter>Source Files</Filter>
    </ClCompile>
    <ClCompile Include="CheckOutcome.cpp">
      <Filter>Source Files</Filter>
    </ClCompile>
  </ItemGroup>
  <ItemGroup>
    <ClInclude Include="CUDAUtilities.h">
      <Filter>Header Files</Filter>
    </ClInclude>
    <ClInclude Include="FloatVector.h">
      <Filter>Header Files</Filter>
    </ClInclude>
    <ClInclude Include="GeometricMoments.h">
      <Filter>Header Files</Filter>
    </ClInclude>
    <ClInclude Include="GeometricOperations.h">
      <Filter>Header Files</Filter>
    </ClInclude>
    <ClInclude Include="GLParameters.h">
      <Filter>Header Files</Filter>
    </ClInclude>
    <ClInclude Include="GPUUtilities.h">
      <Filter>Header Files</Filter>
    </ClInclude>
    <ClInclude Include="Hausdorff.h">
      <Filter>Header Files</Filter>
    </ClInclude>
    <ClInclude Include="HausdorffCUDA.h">
      <Filter>Header Files</Filter>
    </ClInclude>
    <ClInclude Include="HausdorffCUDAIddo.h">
      <Filter>Header Files</Filter>
    </ClInclude>
    <ClInclude Include="HausdorffIddo.h">
      <Filter>Header Files</Filter>
    </ClInclude>
    <ClInclude Include="Includes.h">
      <Filter>Header Files</Filter>
    </ClInclude>
    <ClInclude Include="Mesh.h">
      <Filter>Header Files</Filter>
    </ClInclude>
    <ClInclude Include="NURBS.h">
      <Filter>Header Files</Filter>
    </ClInclude>
    <ClInclude Include="NURBSGeomUtils.h">
      <Filter>Header Files</Filter>
    </ClInclude>
    <ClInclude Include="Object.h">
      <Filter>Header Files</Filter>
    </ClInclude>
    <ClInclude Include="Timer.h">
      <Filter>Header Files</Filter>
    </ClInclude>
    <ClInclude Include="Utilities.h">
      <Filter>Header Files</Filter>
    </ClInclude>
    <ClInclude Include="CUDAFiles\CUDAHelper.h">
      <Filter>CUDA Files</Filter>
    </ClInclude>
    <ClInclude Include="CUDAFiles\cutil_math.h">
      <Filter>CUDA Files</Filter>
    </ClInclude>
    <ClInclude Include="CheckOutcome.h">
      <Filter>Header Files</Filter>
    </ClInclude>
  </ItemGroup>
  <ItemGroup>
    <None Include="CGFiles\BasisMultPacked.cg">
      <Filter>CG Files</Filter>
    </None>
    <None Include="CGFiles\BBoxDistance.cg">
      <Filter>CG Files</Filter>
    </None>
    <None Include="CGFiles\BBoxDistFilter.cg">
      <Filter>CG Files</Filter>
    </None>
    <None Include="CGFiles\BBoxHausdorffDistance.cg">
      <Filter>CG Files</Filter>
    </None>
    <None Include="CGFiles\BBoxHausdorffFilter1.cg">
      <Filter>CG Files</Filter>
    </None>
    <None Include="CGFiles\BBoxHausdorffFilter2.cg">
      <Filter>CG Files</Filter>
    </None>
    <None Include="CGFiles\BBoxHierarchy.cg">
      <Filter>CG Files</Filter>
    </None>
    <None Include="CGFiles\BBoxHierarchyTrimmedMax.cg">
      <Filter>CG Files</Filter>
    </None>
    <None Include="CGFiles\BBoxHierarchyTrimmedMin.cg">
      <Filter>CG Files</Filter>
    </None>
    <None Include="CGFiles\BBoxOverlap.cg">
      <Filter>CG Files</Filter>
    </None>
    <None Include="CGFiles\BDervEvaluate.cg">
      <Filter>CG Files</Filter>
    </None>
    <None Include="CGFiles\BDervEvaluatePacked.cg">
      <Filter>CG Files</Filter>
    </None>
    <None Include="CGFiles\BEvaluate.cg">
      <Filter>CG Files</Filter>
    </None>
    <None Include="CGFiles\BEvaluatePacked.cg">
      <Filter>CG Files</Filter>
    </None>
    <None Include="CGFiles\BoundingBoxConstant.cg">
      <Filter>CG Files</Filter>
    </None>
    <None Include="CGFiles\BoundingBoxTrimmedConstant.cg">
      <Filter>CG Files</Filter>
    </None>
    <None Include="CGFiles\BoundingBoxTrimmedVariable.cg">
      <Filter>CG Files</Filter>
    </None>
    <None Include="CGFiles\BoundingBoxVariable.cg">
      <Filter>CG Files</Filter>
    </None>
    <None Include="CGFiles\ClosestPoint.cg">
      <Filter>CG Files</Filter>
    </None>
    <None Include="CGFiles\ComputeInterval.cg">
      <Filter>CG Files</Filter>
    </None>
    <None Include="CGFiles\CubicBasisATI.cg">
      <Filter>CG Files</Filter>
    </None>
    <None Include="CGFiles\CubicBasisNV.cg">
      <Filter>CG Files</Filter>
    </None>
    <None Include="CGFiles\Curvature.cg">
      <Filter>CG Files</Filter>
    </None>
    <None Include="CGFiles\ExactNormal.cg">
      <Filter>CG Files</Filter>
    </None>
    <None Include="CGFiles\Find.cg">
      <Filter>CG Files</Filter>
    </None>
    <None Include="CGFiles\Find2.cg">
      <Filter>CG Files</Filter>
    </None>
    <None Include="CGFiles\FindDownSweep.cg">
      <Filter>CG Files</Filter>
    </None>
    <None Include="CGFiles\FindMax.cg">
      <Filter>CG Files</Filter>
    </None>
    <None Include="CGFiles\FindPosChange.cg">
      <Filter>CG Files</Filter>
    </None>
    <None Include="CGFiles\FindScale.cg">
      <Filter>CG Files</Filter>
    </None>
    <None Include="CGFiles\FindUpSweep.cg">
      <Filter>CG Files</Filter>
    </None>
    <None Include="CGFiles\FindVertex.cg">
      <Filter>CG Files</Filter>
    </None>
    <None Include="CGFiles\HausdorffIddo.cg">
      <Filter>CG Files</Filter>
    </None>
    <None Include="CGFiles\Invert.cg">
      <Filter>CG Files</Filter>
    </None>
    <None Include="CGFiles\InvertRay.cg">
      <Filter>CG Files</Filter>
    </None>
    <None Include="CGFiles\MergeFactors.cg">
      <Filter>CG Files</Filter>
    </None>
    <None Include="CGFiles\Moment2Point.cg">
      <Filter>CG Files</Filter>
    </None>
    <None Include="CGFiles\Moment3Point.cg">
      <Filter>CG Files</Filter>
    </None>
    <None Include="CGFiles\MomentError.cg">
      <Filter>CG Files</Filter>
    </None>
    <None Include="CGFiles\MomentTriangle.cg">
      <Filter>CG Files</Filter>
    </None>
    <None Include="CGFiles\MomentTrimMult.cg">
      <Filter>CG Files</Filter>
    </None>
    <None Include="CGFiles\Normal.cg">
      <Filter>CG Files</Filter>
    </None>
    <None Include="CGFiles\OBBOverlap.cg">
      <Filter>CG Files</Filter>
    </None>
    <None Include="CGFiles\ObjectBBoxDistance.cg">
      <Filter>CG Files</Filter>
    </None>
    <None Include="CGFiles\Occlusion.cg">
      <Filter>CG Files</Filter>
    </None>
    <None Include="CGFiles\Passive.cg">
      <Filter>CG Files</Filter>
    </None>
    <None Include="CGFiles\PassiveSurfaceID.cg">
      <Filter>CG Files</Filter>
    </None>
    <None Include="CGFiles\PassiveTexture.cg">
      <Filter>CG Files</Filter>
    </None>
    <None Include="CGFiles\PrePass.cg">
      <Filter>CG Files</Filter>
    </None>
    <None Include="CGFiles\RationalDerivatives.cg">
      <Filter>CG Files</Filter>
    </None>
    <None Include="CGFiles\Reduce.cg">
      <Filter>CG Files</Filter>
    </None>
    <None Include="CGFiles\ReduceFind.cg">
      <Filter>CG Files</Filter>
    </None>
    <None Include="CGFiles\ReduceMax.cg">
      <Filter>CG Files</Filter>
    </None>
    <None Include="CGFiles\ReduceMaxBBox2.cg">
      <Filter>CG Files</Filter>
    </None>
    <None Include="CGFiles\ReduceMin.cg">
      <Filter>CG Files</Filter>
    </None>
    <None Include="CGFiles\ReduceMinBBox2.cg">
      <Filter>CG Files</Filter>
    </None>
    <None Include="CGFiles\ReduceMinBBox4.cg">
      <Filter>CG Files</Filter>
    </None>
    <None Include="CGFiles\ReduceMinMaxBBox2.cg">
      <Filter>CG Files</Filter>
    </None>
    <None Include="CGFiles\ReduceMinMinBBox2.cg">
      <Filter>CG Files</Filter>
    </None>
    <None Include="CGFiles\ReduceSum2.cg">
      <Filter>CG Files</Filter>
    </None>
    <None Include="CGFiles\ReduceSum2Pow2.cg">
      <Filter>CG Files</Filter>
    </None>
    <None Include="CGFiles\ReduceSum4.cg">
      <Filter>CG Files</Filter>
    </None>
    <None Include="CGFiles\ReduceSum9.cg">
      <Filter>CG Files</Filter>
    </None>
    <None Include="CGFiles\ReferenceList.cg">
      <Filter>CG Files</Filter>
    </None>
    <None Include="CGFiles\SecondDerivatives.cg">
      <Filter>CG Files</Filter>
    </None>
    <None Include="CGFiles\SecondDerivatives2Point.cg">
      <Filter>CG Files</Filter>
    </None>
    <None Include="CGFiles\SecondDerivatives3Point.cg">
      <Filter>CG Files</Filter>
    </None>
    <None Include="CGFiles\Silhouette.cg">
      <Filter>CG Files</Filter>
    </None>
    <None Include="CGFiles\Stencil.cg">
      <Filter>CG Files</Filter>
    </None>
    <None Include="CGFiles\SurfaceMultNoPingPong.cg">
      <Filter>CG Files</Filter>
    </None>
    <None Include="CGFiles\SurfaceMultPacked.cg">
      <Filter>CG Files</Filter>
    </None>
    <None Include="CGFiles\TransformSurface.cg">
      <Filter>CG Files</Filter>
    </None>
    <None Include="CGFiles\TrimOverlay.cg">
      <Filter>CG Files</Filter>
    </None>
    <None Include="CGFiles\TrimSurfaceID.cg">
      <Filter>CG Files</Filter>
    </None>
    <None Include="CGFiles\TSpline.cg">
      <Filter>CG Files</Filter>
    </None>
    <None Include="CGFiles\TSplineMult.cg">
      <Filter>CG Files</Filter>
    </None>
  </ItemGroup>
  <ItemGroup>
    <CudaCompile Include="CUDAFiles\CUDABasisMult.cu">
      <Filter>CUDA Files</Filter>
    </CudaCompile>
    <CudaCompile Include="CUDAFiles\CUDABasisMultTextures.cu">
      <Filter>CUDA Files</Filter>
    </CudaCompile>
    <CudaCompile Include="CUDAFiles\CUDABBoxHausdorffDistance.cu">
      <Filter>CUDA Files</Filter>
    </CudaCompile>
    <CudaCompile Include="CUDAFiles\CUDABDervEvaluate.cu">
      <Filter>CUDA Files</Filter>
    </CudaCompile>
    <CudaCompile Include="CUDAFiles\CUDABEvaluate.cu">
      <Filter>CUDA Files</Filter>
    </CudaCompile>
    <CudaCompile Include="CUDAFiles\CUDABoundingBoxEvaluate.cu">
      <Filter>CUDA Files</Filter>
    </CudaCompile>
    <CudaCompile Include="CUDAFiles\CUDAExactNormalEvaluate.cu">
      <Filter>CUDA Files</Filter>
    </CudaCompile>
    <CudaCompile Include="CUDAFiles\CUDAExpansionFactorEvaluate.cu">
      <Filter>CUDA Files</Filter>
    </CudaCompile>
    <CudaCompile Include="CUDAFiles\CUDAHausdorffFilter.cu">
      <Filter>CUDA Files</Filter>
    </CudaCompile>
    <CudaCompile Include="CUDAFiles\CUDAHausdorffIddo.cu">
      <Filter>CUDA Files</Filter>
    </CudaCompile>
    <CudaCompile Include="CUDAFiles\CUDANormalEvaluate.cu">
      <Filter>CUDA Files</Filter>
    </CudaCompile>
    <CudaCompile Include="CUDAFiles\CUDARationalDivide.cu">
      <Filter>CUDA Files</Filter>
    </CudaCompile>
    <CudaCompile Include="CUDAFiles\CUDASecondDerivativeEvaluate.cu">
      <Filter>CUDA Files</Filter>
    </CudaCompile>
    <CudaCompile Include="CUDAFiles\CUDATransformEvaluatedPoints.cu">
      <Filter>CUDA Files</Filter>
    </CudaCompile>
    <CudaCompile Include="CUDAFiles\CUDATriTriHausdorffDistance.cu">
      <Filter>CUDA Files</Filter>
    </CudaCompile>
    <CudaCompile Include="CUDAFiles\THRUSTUtilities.cu">
      <Filter>CUDA Files</Filter>
    </CudaCompile>
  </ItemGroup>
</Project>